
Microsoft Visual Studio Solution File, Format Version 12.00
# Visual Studio Version 17
VisualStudioVersion = 17.0.31903.59
MinimumVisualStudioVersion = 10.0.40219.1
Project("{FAE04EC0-301F-11D3-BF4B-00C04F79EFBC}") = "AuthUnderTheHood", "AuthUnderTheHood\AuthUnderTheHood.csproj", "{08A82E4A-213D-4561-B937-93642D0B9D74}"
EndProject
Project("{FAE04EC0-301F-11D3-BF4B-00C04F79EFBC}") = "AuthWebApi", "AuthWebApi\AuthWebApi.csproj", "{F666F8BF-8B59-4BA2-AF4B-E581E45A3AB6}"
EndProject
Project("{FAE04EC0-301F-11D3-BF4B-00C04F79EFBC}") = "AuthWebApp", "AuthWebApp\AuthWebApp.csproj", "{0BBED1CA-A531-48A9-B825-72ADD5B9BF7F}"
EndProject
Global
	GlobalSection(SolutionProperties) = preSolution
		HideSolutionNode = FALSE
	EndGlobalSection
	GlobalSection(SolutionConfigurationPlatforms) = preSolution
		Debug|Any CPU = Debug|Any CPU
		Debug|x64 = Debug|x64
		Debug|x86 = Debug|x86
		Release|Any CPU = Release|Any CPU
		Release|x64 = Release|x64
		Release|x86 = Release|x86
	EndGlobalSection
	GlobalSection(ProjectConfigurationPlatforms) = postSolution
		{08A82E4A-213D-4561-B937-93642D0B9D74}.Debug|Any CPU.ActiveCfg = Debug|Any CPU
		{08A82E4A-213D-4561-B937-93642D0B9D74}.Debug|Any CPU.Build.0 = Debug|Any CPU
		{08A82E4A-213D-4561-B937-93642D0B9D74}.Debug|x64.ActiveCfg = Debug|Any CPU
		{08A82E4A-213D-4561-B937-93642D0B9D74}.Debug|x64.Build.0 = Debug|Any CPU
		{08A82E4A-213D-4561-B937-93642D0B9D74}.Debug|x86.ActiveCfg = Debug|Any CPU
		{08A82E4A-213D-4561-B937-93642D0B9D74}.Debug|x86.Build.0 = Debug|Any CPU
		{08A82E4A-213D-4561-B937-93642D0B9D74}.Release|Any CPU.ActiveCfg = Release|Any CPU
		{08A82E4A-213D-4561-B937-93642D0B9D74}.Release|Any CPU.Build.0 = Release|Any CPU
		{08A82E4A-213D-4561-B937-93642D0B9D74}.Release|x64.ActiveCfg = Release|Any CPU
		{08A82E4A-213D-4561-B937-93642D0B9D74}.Release|x64.Build.0 = Release|Any CPU
		{08A82E4A-213D-4561-B937-93642D0B9D74}.Release|x86.ActiveCfg = Release|Any CPU
		{08A82E4A-213D-4561-B937-93642D0B9D74}.Release|x86.Build.0 = Release|Any CPU
		{F666F8BF-8B59-4BA2-AF4B-E581E45A3AB6}.Debug|Any CPU.ActiveCfg = Debug|Any CPU
		{F666F8BF-8B59-4BA2-AF4B-E581E45A3AB6}.Debug|Any CPU.Build.0 = Debug|Any CPU
		{F666F8BF-8B59-4BA2-AF4B-E581E45A3AB6}.Debug|x64.ActiveCfg = Debug|Any CPU
		{F666F8BF-8B59-4BA2-AF4B-E581E45A3AB6}.Debug|x64.Build.0 = Debug|Any CPU
		{F666F8BF-8B59-4BA2-AF4B-E581E45A3AB6}.Debug|x86.ActiveCfg = Debug|Any CPU
		{F666F8BF-8B59-4BA2-AF4B-E581E45A3AB6}.Debug|x86.Build.0 = Debug|Any CPU
		{F666F8BF-8B59-4BA2-AF4B-E581E45A3AB6}.Release|Any CPU.ActiveCfg = Release|Any CPU
		{F666F8BF-8B59-4BA2-AF4B-E581E45A3AB6}.Release|Any CPU.Build.0 = Release|Any CPU
		{F666F8BF-8B59-4BA2-AF4B-E581E45A3AB6}.Release|x64.ActiveCfg = Release|Any CPU
		{F666F8BF-8B59-4BA2-AF4B-E581E45A3AB6}.Release|x64.Build.0 = Release|Any CPU
		{F666F8BF-8B59-4BA2-AF4B-E581E45A3AB6}.Release|x86.ActiveCfg = Release|Any CPU
		{F666F8BF-8B59-4BA2-AF4B-E581E45A3AB6}.Release|x86.Build.0 = Release|Any CPU
		{0BBED1CA-A531-48A9-B825-72ADD5B9BF7F}.Debug|Any CPU.ActiveCfg = Debug|Any CPU
		{0BBED1CA-A531-48A9-B825-72ADD5B9BF7F}.Debug|Any CPU.Build.0 = Debug|Any CPU
		{0BBED1CA-A531-48A9-B825-72ADD5B9BF7F}.Debug|x64.ActiveCfg = Debug|Any CPU
		{0BBED1CA-A531-48A9-B825-72ADD5B9BF7F}.Debug|x64.Build.0 = Debug|Any CPU
		{0BBED1CA-A531-48A9-B825-72ADD5B9BF7F}.Debug|x86.ActiveCfg = Debug|Any CPU
		{0BBED1CA-A531-48A9-B825-72ADD5B9BF7F}.Debug|x86.Build.0 = Debug|Any CPU
		{0BBED1CA-A531-48A9-B825-72ADD5B9BF7F}.Release|Any CPU.ActiveCfg = Release|Any CPU
		{0BBED1CA-A531-48A9-B825-72ADD5B9BF7F}.Release|Any CPU.Build.0 = Release|Any CPU
		{0BBED1CA-A531-48A9-B825-72ADD5B9BF7F}.Release|x64.ActiveCfg = Release|Any CPU
		{0BBED1CA-A531-48A9-B825-72ADD5B9BF7F}.Release|x64.Build.0 = Release|Any CPU
		{0BBED1CA-A531-48A9-B825-72ADD5B9BF7F}.Release|x86.ActiveCfg = Release|Any CPU
		{0BBED1CA-A531-48A9-B825-72ADD5B9BF7F}.Release|x86.Build.0 = Release|Any CPU
	EndGlobalSection
EndGlobal
